
Microsoft Visual Studio Solution File, Format Version 12.00
# Visual Studio Version 17
VisualStudioVersion = 17.0.31912.275
MinimumVisualStudioVersion = 10.0.40219.1
Project("{FAE04EC0-301F-11D3-BF4B-00C04F79EFBC}") = "MMALEAVEPORTAL", "MMALEAVEPORTAL\MMALEAVEPORTAL.csproj", "{11C5E0E8-1DBA-47C7-910D-C411873921F7}"
EndProject
Project("{FAE04EC0-301F-11D3-BF4B-00C04F79EFBC}") = "MMALeavePPortal.DomainModels", "MMALeavePPortal.DomainModels\MMALeavePPortal.DomainModels.csproj", "{E8AEC653-78AB-48E1-A835-6DE7C1926A95}"
EndProject
Project("{FAE04EC0-301F-11D3-BF4B-00C04F79EFBC}") = "MMALeavePortal.ViewModels", "MMALeavePortal.ViewModels\MMALeavePortal.ViewModels.csproj", "{9EC0F414-5135-48E5-8A28-EDC4FE34DB22}"
EndProject
Project("{FAE04EC0-301F-11D3-BF4B-00C04F79EFBC}") = "MMALeavePortal.ServiceLayers", "MMALeavePortal.ServiceLayers\MMALeavePortal.ServiceLayers.csproj", "{3BAEEA32-A667-44D2-83E9-DA655EDE24DB}"
EndProject
Project("{FAE04EC0-301F-11D3-BF4B-00C04F79EFBC}") = "MMALeavePortal.Repositories", "MMALeavePortal.Repositories\MMALeavePortal.Repositories.csproj", "{7214E84C-F566-4BD4-86A9-FE5545E84FAD}"
EndProject
Global
	GlobalSection(SolutionConfigurationPlatforms) = preSolution
		Debug|Any CPU = Debug|Any CPU
		Release|Any CPU = Release|Any CPU
	EndGlobalSection
	GlobalSection(ProjectConfigurationPlatforms) = postSolution
		{11C5E0E8-1DBA-47C7-910D-C411873921F7}.Debug|Any CPU.ActiveCfg = Debug|Any CPU
		{11C5E0E8-1DBA-47C7-910D-C411873921F7}.Debug|Any CPU.Build.0 = Debug|Any CPU
		{11C5E0E8-1DBA-47C7-910D-C411873921F7}.Release|Any CPU.ActiveCfg = Release|Any CPU
		{11C5E0E8-1DBA-47C7-910D-C411873921F7}.Release|Any CPU.Build.0 = Release|Any CPU
		{E8AEC653-78AB-48E1-A835-6DE7C1926A95}.Debug|Any CPU.ActiveCfg = Debug|Any CPU
		{E8AEC653-78AB-48E1-A835-6DE7C1926A95}.Debug|Any CPU.Build.0 = Debug|Any CPU
		{E8AEC653-78AB-48E1-A835-6DE7C1926A95}.Release|Any CPU.ActiveCfg = Release|Any CPU
		{E8AEC653-78AB-48E1-A835-6DE7C1926A95}.Release|Any CPU.Build.0 = Release|Any CPU
		{9EC0F414-5135-48E5-8A28-EDC4FE34DB22}.Debug|Any CPU.ActiveCfg = Debug|Any CPU
		{9EC0F414-5135-48E5-8A28-EDC4FE34DB22}.Debug|Any CPU.Build.0 = Debug|Any CPU
		{9EC0F414-5135-48E5-8A28-EDC4FE34DB22}.Release|Any CPU.ActiveCfg = Release|Any CPU
		{9EC0F414-5135-48E5-8A28-EDC4FE34DB22}.Release|Any CPU.Build.0 = Release|Any CPU
		{3BAEEA32-A667-44D2-83E9-DA655EDE24DB}.Debug|Any CPU.ActiveCfg = Debug|Any CPU
		{3BAEEA32-A667-44D2-83E9-DA655EDE24DB}.Debug|Any CPU.Build.0 = Debug|Any CPU
		{3BAEEA32-A667-44D2-83E9-DA655EDE24DB}.Release|Any CPU.ActiveCfg = Release|Any CPU
		{3BAEEA32-A667-44D2-83E9-DA655EDE24DB}.Release|Any CPU.Build.0 = Release|Any CPU
		{7214E84C-F566-4BD4-86A9-FE5545E84FAD}.Debug|Any CPU.ActiveCfg = Debug|Any CPU
		{7214E84C-F566-4BD4-86A9-FE5545E84FAD}.Debug|Any CPU.Build.0 = Debug|Any CPU
		{7214E84C-F566-4BD4-86A9-FE5545E84FAD}.Release|Any CPU.ActiveCfg = Release|Any CPU
		{7214E84C-F566-4BD4-86A9-FE5545E84FAD}.Release|Any CPU.Build.0 = Release|Any CPU
	EndGlobalSection
	GlobalSection(SolutionProperties) = preSolution
		HideSolutionNode = FALSE
	EndGlobalSection
	GlobalSection(ExtensibilityGlobals) = postSolution
		SolutionGuid = {79881753-46E6-4694-92BE-9CD4142445EB}
	EndGlobalSection
EndGlobal
